
Microsoft Visual Studio Solution File, Format Version 12.00
# Visual Studio 15
VisualStudioVersion = 15.0.26730.12
MinimumVisualStudioVersion = 10.0.40219.1
Project("{FAE04EC0-301F-11D3-BF4B-00C04F79EFBC}") = "Flantter.MilkyWay", "Flantter.MilkyWay\Flantter.MilkyWay.csproj", "{F20B52B9-B500-4BC9-BFFF-46F99987BEED}"
EndProject
Project("{FAE04EC0-301F-11D3-BF4B-00C04F79EFBC}") = "Flantter.MilkyWay.BackgroundTask", "Flantter.MilkyWay.BackgroundTask\Flantter.MilkyWay.BackgroundTask.csproj", "{0E6EFCE5-9891-420D-9FB3-3EF3479A959D}"
EndProject
Project("{9A19103F-16F7-4668-BE54-9A1E7A4F7556}") = "Mastonet", "Mastonet\Mastonet\Mastonet.csproj", "{A12C3BF8-32DD-42AA-BCD6-17173CC71B6A}"
EndProject
Global
	GlobalSection(SolutionConfigurationPlatforms) = preSolution
		Debug|Any CPU = Debug|Any CPU
		Debug|ARM = Debug|ARM
		Debug|x64 = Debug|x64
		Debug|x86 = Debug|x86
		Release|Any CPU = Release|Any CPU
		Release|ARM = Release|ARM
		Release|x64 = Release|x64
		Release|x86 = Release|x86
	EndGlobalSection
	GlobalSection(ProjectConfigurationPlatforms) = postSolution
		{F20B52B9-B500-4BC9-BFFF-46F99987BEED}.Debug|Any CPU.ActiveCfg = Debug|x86
		{F20B52B9-B500-4BC9-BFFF-46F99987BEED}.Debug|ARM.ActiveCfg = Debug|ARM
		{F20B52B9-B500-4BC9-BFFF-46F99987BEED}.Debug|ARM.Build.0 = Debug|ARM
		{F20B52B9-B500-4BC9-BFFF-46F99987BEED}.Debug|ARM.Deploy.0 = Debug|ARM
		{F20B52B9-B500-4BC9-BFFF-46F99987BEED}.Debug|x64.ActiveCfg = Debug|x64
		{F20B52B9-B500-4BC9-BFFF-46F99987BEED}.Debug|x64.Build.0 = Debug|x64
		{F20B52B9-B500-4BC9-BFFF-46F99987BEED}.Debug|x64.Deploy.0 = Debug|x64
		{F20B52B9-B500-4BC9-BFFF-46F99987BEED}.Debug|x86.ActiveCfg = Debug|x86
		{F20B52B9-B500-4BC9-BFFF-46F99987BEED}.Debug|x86.Build.0 = Debug|x86
		{F20B52B9-B500-4BC9-BFFF-46F99987BEED}.Debug|x86.Deploy.0 = Debug|x86
		{F20B52B9-B500-4BC9-BFFF-46F99987BEED}.Release|Any CPU.ActiveCfg = Release|x86
		{F20B52B9-B500-4BC9-BFFF-46F99987BEED}.Release|ARM.ActiveCfg = Release|ARM
		{F20B52B9-B500-4BC9-BFFF-46F99987BEED}.Release|ARM.Build.0 = Release|ARM
		{F20B52B9-B500-4BC9-BFFF-46F99987BEED}.Release|ARM.Deploy.0 = Release|ARM
		{F20B52B9-B500-4BC9-BFFF-46F99987BEED}.Release|x64.ActiveCfg = Release|x64
		{F20B52B9-B500-4BC9-BFFF-46F99987BEED}.Release|x64.Build.0 = Release|x64
		{F20B52B9-B500-4BC9-BFFF-46F99987BEED}.Release|x64.Deploy.0 = Release|x64
		{F20B52B9-B500-4BC9-BFFF-46F99987BEED}.Release|x86.ActiveCfg = Release|x86
		{F20B52B9-B500-4BC9-BFFF-46F99987BEED}.Release|x86.Build.0 = Release|x86
		{F20B52B9-B500-4BC9-BFFF-46F99987BEED}.Release|x86.Deploy.0 = Release|x86
		{0E6EFCE5-9891-420D-9FB3-3EF3479A959D}.Debug|Any CPU.ActiveCfg = Debug|Any CPU
		{0E6EFCE5-9891-420D-9FB3-3EF3479A959D}.Debug|Any CPU.Build.0 = Debug|Any CPU
		{0E6EFCE5-9891-420D-9FB3-3EF3479A959D}.Debug|ARM.ActiveCfg = Debug|ARM
		{0E6EFCE5-9891-420D-9FB3-3EF3479A959D}.Debug|ARM.Build.0 = Debug|ARM
		{0E6EFCE5-9891-420D-9FB3-3EF3479A959D}.Debug|x64.ActiveCfg = Debug|x64
		{0E6EFCE5-9891-420D-9FB3-3EF3479A959D}.Debug|x64.Build.0 = Debug|x64
		{0E6EFCE5-9891-420D-9FB3-3EF3479A959D}.Debug|x86.ActiveCfg = Debug|x86
		{0E6EFCE5-9891-420D-9FB3-3EF3479A959D}.Debug|x86.Build.0 = Debug|x86
		{0E6EFCE5-9891-420D-9FB3-3EF3479A959D}.Release|Any CPU.ActiveCfg = Release|Any CPU
		{0E6EFCE5-9891-420D-9FB3-3EF3479A959D}.Release|Any CPU.Build.0 = Release|Any CPU
		{0E6EFCE5-9891-420D-9FB3-3EF3479A959D}.Release|ARM.ActiveCfg = Release|ARM
		{0E6EFCE5-9891-420D-9FB3-3EF3479A959D}.Release|ARM.Build.0 = Release|ARM
		{0E6EFCE5-9891-420D-9FB3-3EF3479A959D}.Release|x64.ActiveCfg = Release|x64
		{0E6EFCE5-9891-420D-9FB3-3EF3479A959D}.Release|x64.Build.0 = Release|x64
		{0E6EFCE5-9891-420D-9FB3-3EF3479A959D}.Release|x86.ActiveCfg = Release|x86
		{0E6EFCE5-9891-420D-9FB3-3EF3479A959D}.Release|x86.Build.0 = Release|x86
		{A12C3BF8-32DD-42AA-BCD6-17173CC71B6A}.Debug|Any CPU.ActiveCfg = Debug|Any CPU
		{A12C3BF8-32DD-42AA-BCD6-17173CC71B6A}.Debug|Any CPU.Build.0 = Debug|Any CPU
		{A12C3BF8-32DD-42AA-BCD6-17173CC71B6A}.Debug|ARM.ActiveCfg = Debug|Any CPU
		{A12C3BF8-32DD-42AA-BCD6-17173CC71B6A}.Debug|ARM.Build.0 = Debug|Any CPU
		{A12C3BF8-32DD-42AA-BCD6-17173CC71B6A}.Debug|x64.ActiveCfg = Debug|Any CPU
		{A12C3BF8-32DD-42AA-BCD6-17173CC71B6A}.Debug|x64.Build.0 = Debug|Any CPU
		{A12C3BF8-32DD-42AA-BCD6-17173CC71B6A}.Debug|x86.ActiveCfg = Debug|Any CPU
		{A12C3BF8-32DD-42AA-BCD6-17173CC71B6A}.Debug|x86.Build.0 = Debug|Any CPU
		{A12C3BF8-32DD-42AA-BCD6-17173CC71B6A}.Release|Any CPU.ActiveCfg = Release|Any CPU
		{A12C3BF8-32DD-42AA-BCD6-17173CC71B6A}.Release|Any CPU.Build.0 = Release|Any CPU
		{A12C3BF8-32DD-42AA-BCD6-17173CC71B6A}.Release|ARM.ActiveCfg = Release|Any CPU
		{A12C3BF8-32DD-42AA-BCD6-17173CC71B6A}.Release|ARM.Build.0 = Release|Any CPU
		{A12C3BF8-32DD-42AA-BCD6-17173CC71B6A}.Release|x64.ActiveCfg = Release|Any CPU
		{A12C3BF8-32DD-42AA-BCD6-17173CC71B6A}.Release|x64.Build.0 = Release|Any CPU
		{A12C3BF8-32DD-42AA-BCD6-17173CC71B6A}.Release|x86.ActiveCfg = Release|Any CPU
		{A12C3BF8-32DD-42AA-BCD6-17173CC71B6A}.Release|x86.Build.0 = Release|Any CPU
	EndGlobalSection
	GlobalSection(SolutionProperties) = preSolution
		HideSolutionNode = FALSE
	EndGlobalSection
	GlobalSection(ExtensibilityGlobals) = postSolution
		SolutionGuid = {E6256F09-0072-425B-9585-9F9590C9A75A}
	EndGlobalSection
EndGlobal
